
Microsoft Visual Studio Solution File, Format Version 12.00
# Visual Studio Version 17
VisualStudioVersion = 17.13.35825.156
MinimumVisualStudioVersion = 10.0.40219.1
Project("{FAE04EC0-301F-11D3-BF4B-00C04F79EFBC}") = "SP 01. Processes", "SP 01. Processes\SP 01. Processes.csproj", "{67268FD9-8E90-40C5-8CA2-21F4D72B0758}"
EndProject
Project("{2150E333-8FDC-42A3-9474-1A3956D46DE8}") = "SP 01", "SP 01", "{02EA681E-C7D8-13C7-8484-4AC65E1B71E8}"
EndProject
Project("{2150E333-8FDC-42A3-9474-1A3956D46DE8}") = "SP 02", "SP 02", "{75D145B8-4022-43F1-B40F-837F88E0FE3C}"
EndProject
Project("{FAE04EC0-301F-11D3-BF4B-00C04F79EFBC}") = "SP 02. Threads", "SP 02. Threads\SP 02. Threads.csproj", "{8D7D88B4-6F55-48C8-9C3F-359D6D81806B}"
EndProject
Project("{FAE04EC0-301F-11D3-BF4B-00C04F79EFBC}") = "SP 02. Threads in UI app", "SP 02. Threads in UI app\SP 02. Threads in UI app.csproj", "{25E00B72-27C9-4B67-B7B5-2F06751C685D}"
EndProject
Project("{2150E333-8FDC-42A3-9474-1A3956D46DE8}") = "SP 03", "SP 03", "{4F3CD625-C187-49DF-82EA-191028EB0A34}"
EndProject
Project("{FAE04EC0-301F-11D3-BF4B-00C04F79EFBC}") = "SP 03. ThreadPool", "SP 03. ThreadPool\SP 03. ThreadPool.csproj", "{947992D4-DACA-43E3-A997-DF648786B51D}"
EndProject
Project("{FAE04EC0-301F-11D3-BF4B-00C04F79EFBC}") = "SP 03. ThreadPool VS Thread", "SP 03. ThreadPool VS Thread\SP 03. ThreadPool VS Thread.csproj", "{9C37E2EC-D77D-4D1F-B40C-DC3811CEC0C7}"
EndProject
Project("{2150E333-8FDC-42A3-9474-1A3956D46DE8}") = "SP 04", "SP 04", "{CD357560-DE3A-4146-B6FB-BCF639F0B866}"
EndProject
Project("{FAE04EC0-301F-11D3-BF4B-00C04F79EFBC}") = "SP 04. Critical section problem. Monitor. Lock.", "SP 04. Critical section problem. Monitor. Lock\SP 04. Critical section problem. Monitor. Lock..csproj", "{E37AECD0-485D-4D72-A799-F830A40D1E26}"
EndProject
Global
	GlobalSection(SolutionConfigurationPlatforms) = preSolution
		Debug|Any CPU = Debug|Any CPU
		Release|Any CPU = Release|Any CPU
	EndGlobalSection
	GlobalSection(ProjectConfigurationPlatforms) = postSolution
		{67268FD9-8E90-40C5-8CA2-21F4D72B0758}.Debug|Any CPU.ActiveCfg = Debug|Any CPU
		{67268FD9-8E90-40C5-8CA2-21F4D72B0758}.Debug|Any CPU.Build.0 = Debug|Any CPU
		{67268FD9-8E90-40C5-8CA2-21F4D72B0758}.Release|Any CPU.ActiveCfg = Release|Any CPU
		{67268FD9-8E90-40C5-8CA2-21F4D72B0758}.Release|Any CPU.Build.0 = Release|Any CPU
		{8D7D88B4-6F55-48C8-9C3F-359D6D81806B}.Debug|Any CPU.ActiveCfg = Debug|Any CPU
		{8D7D88B4-6F55-48C8-9C3F-359D6D81806B}.Debug|Any CPU.Build.0 = Debug|Any CPU
		{8D7D88B4-6F55-48C8-9C3F-359D6D81806B}.Release|Any CPU.ActiveCfg = Release|Any CPU
		{8D7D88B4-6F55-48C8-9C3F-359D6D81806B}.Release|Any CPU.Build.0 = Release|Any CPU
		{25E00B72-27C9-4B67-B7B5-2F06751C685D}.Debug|Any CPU.ActiveCfg = Debug|Any CPU
		{25E00B72-27C9-4B67-B7B5-2F06751C685D}.Debug|Any CPU.Build.0 = Debug|Any CPU
		{25E00B72-27C9-4B67-B7B5-2F06751C685D}.Release|Any CPU.ActiveCfg = Release|Any CPU
		{25E00B72-27C9-4B67-B7B5-2F06751C685D}.Release|Any CPU.Build.0 = Release|Any CPU
		{947992D4-DACA-43E3-A997-DF648786B51D}.Debug|Any CPU.ActiveCfg = Debug|Any CPU
		{947992D4-DACA-43E3-A997-DF648786B51D}.Debug|Any CPU.Build.0 = Debug|Any CPU
		{947992D4-DACA-43E3-A997-DF648786B51D}.Release|Any CPU.ActiveCfg = Release|Any CPU
		{947992D4-DACA-43E3-A997-DF648786B51D}.Release|Any CPU.Build.0 = Release|Any CPU
		{9C37E2EC-D77D-4D1F-B40C-DC3811CEC0C7}.Debug|Any CPU.ActiveCfg = Debug|Any CPU
		{9C37E2EC-D77D-4D1F-B40C-DC3811CEC0C7}.Debug|Any CPU.Build.0 = Debug|Any CPU
		{9C37E2EC-D77D-4D1F-B40C-DC3811CEC0C7}.Release|Any CPU.ActiveCfg = Release|Any CPU
		{9C37E2EC-D77D-4D1F-B40C-DC3811CEC0C7}.Release|Any CPU.Build.0 = Release|Any CPU
		{E37AECD0-485D-4D72-A799-F830A40D1E26}.Debug|Any CPU.ActiveCfg = Debug|Any CPU
		{E37AECD0-485D-4D72-A799-F830A40D1E26}.Debug|Any CPU.Build.0 = Debug|Any CPU
		{E37AECD0-485D-4D72-A799-F830A40D1E26}.Release|Any CPU.ActiveCfg = Release|Any CPU
		{E37AECD0-485D-4D72-A799-F830A40D1E26}.Release|Any CPU.Build.0 = Release|Any CPU
	EndGlobalSection
	GlobalSection(SolutionProperties) = preSolution
		HideSolutionNode = FALSE
	EndGlobalSection
	GlobalSection(NestedProjects) = preSolution
		{67268FD9-8E90-40C5-8CA2-21F4D72B0758} = {02EA681E-C7D8-13C7-8484-4AC65E1B71E8}
		{8D7D88B4-6F55-48C8-9C3F-359D6D81806B} = {75D145B8-4022-43F1-B40F-837F88E0FE3C}
		{25E00B72-27C9-4B67-B7B5-2F06751C685D} = {75D145B8-4022-43F1-B40F-837F88E0FE3C}
		{947992D4-DACA-43E3-A997-DF648786B51D} = {4F3CD625-C187-49DF-82EA-191028EB0A34}
		{9C37E2EC-D77D-4D1F-B40C-DC3811CEC0C7} = {4F3CD625-C187-49DF-82EA-191028EB0A34}
		{E37AECD0-485D-4D72-A799-F830A40D1E26} = {CD357560-DE3A-4146-B6FB-BCF639F0B866}
	EndGlobalSection
	GlobalSection(ExtensibilityGlobals) = postSolution
		SolutionGuid = {C4265DCB-50A6-44CE-A8C2-9029902C5650}
	EndGlobalSection
EndGlobal
