
Microsoft Visual Studio Solution File, Format Version 12.00
# Visual Studio Version 17
VisualStudioVersion = 17.13.35825.156
MinimumVisualStudioVersion = 10.0.40219.1
Project("{FAE04EC0-301F-11D3-BF4B-00C04F79EFBC}") = "SP 01. Processes", "SP 01. Processes\SP 01. Processes.csproj", "{67268FD9-8E90-40C5-8CA2-21F4D72B0758}"
EndProject
Project("{2150E333-8FDC-42A3-9474-1A3956D46DE8}") = "SP 01", "SP 01", "{02EA681E-C7D8-13C7-8484-4AC65E1B71E8}"
EndProject
Project("{2150E333-8FDC-42A3-9474-1A3956D46DE8}") = "SP 02", "SP 02", "{75D145B8-4022-43F1-B40F-837F88E0FE3C}"
EndProject
Project("{FAE04EC0-301F-11D3-BF4B-00C04F79EFBC}") = "SP 02. Threads", "SP 02. Threads\SP 02. Threads.csproj", "{8D7D88B4-6F55-48C8-9C3F-359D6D81806B}"
EndProject
Project("{FAE04EC0-301F-11D3-BF4B-00C04F79EFBC}") = "SP 02. Threads in UI app", "SP 02. Threads in UI app\SP 02. Threads in UI app.csproj", "{25E00B72-27C9-4B67-B7B5-2F06751C685D}"
EndProject
Project("{2150E333-8FDC-42A3-9474-1A3956D46DE8}") = "SP 03", "SP 03", "{4F3CD625-C187-49DF-82EA-191028EB0A34}"
EndProject
Project("{FAE04EC0-301F-11D3-BF4B-00C04F79EFBC}") = "SP 03. ThreadPool", "SP 03. ThreadPool\SP 03. ThreadPool.csproj", "{947992D4-DACA-43E3-A997-DF648786B51D}"
EndProject
Project("{FAE04EC0-301F-11D3-BF4B-00C04F79EFBC}") = "SP 03. ThreadPool VS Thread", "SP 03. ThreadPool VS Thread\SP 03. ThreadPool VS Thread.csproj", "{9C37E2EC-D77D-4D1F-B40C-DC3811CEC0C7}"
EndProject
Project("{2150E333-8FDC-42A3-9474-1A3956D46DE8}") = "SP 04", "SP 04", "{CD357560-DE3A-4146-B6FB-BCF639F0B866}"
EndProject
Project("{FAE04EC0-301F-11D3-BF4B-00C04F79EFBC}") = "SP 04. Critical section problem. Monitor. Lock.", "SP 04. Critical section problem. Monitor. Lock\SP 04. Critical section problem. Monitor. Lock..csproj", "{E37AECD0-485D-4D72-A799-F830A40D1E26}"
EndProject
Project("{2150E333-8FDC-42A3-9474-1A3956D46DE8}") = "SP 05", "SP 05", "{3141536F-FA86-444A-8FF2-4E46BB4123F7}"
EndProject
Project("{FAE04EC0-301F-11D3-BF4B-00C04F79EFBC}") = "SP 05. Mutex", "SP 05. Mutex\SP 05. Mutex.csproj", "{79244188-AB94-4365-AFE0-57E6CD3F9197}"
EndProject
Project("{FAE04EC0-301F-11D3-BF4B-00C04F79EFBC}") = "SP 05. Semaphore. SemaphoreSlim", "SP 05. Semaphore. SemaphoreSlim\SP 05. Semaphore. SemaphoreSlim.csproj", "{1A4A8BDB-3E9C-4B97-99AD-24DDB5F4AFC7}"
EndProject
Project("{FAE04EC0-301F-11D3-BF4B-00C04F79EFBC}") = "SP 05. ﻿AutoResetEvent", "SP 05. ﻿AutoResetEvent\SP 05. ﻿AutoResetEvent.csproj", "{96F172C4-20FA-4C87-BF60-D960DBFC6AF2}"
EndProject
Project("{2150E333-8FDC-42A3-9474-1A3956D46DE8}") = "SP 06", "SP 06", "{7CF065F5-0605-4E7E-9C27-DAC22A43EAF2}"
EndProject
Project("{FAE04EC0-301F-11D3-BF4B-00C04F79EFBC}") = "SP 06. Deadlock", "SP 06. Deadlock\SP 06. Deadlock.csproj", "{4FC22467-18D2-4E14-AE00-14A7A9DE3CD3}"
EndProject
Project("{FAE04EC0-301F-11D3-BF4B-00C04F79EFBC}") = "SP 06. Cancellation token", "SP 06. Cancellation token\SP 06. Cancellation token.csproj", "{F9E9090C-668F-433F-8AA7-2BE10D8602B6}"
EndProject
Project("{FAE04EC0-301F-11D3-BF4B-00C04F79EFBC}") = "SP 06. TPL", "SP 06. TPL\SP 06. TPL.csproj", "{B2DF7E39-DAB3-44D4-87F9-E19A5B162CD5}"
EndProject
Project("{FAE04EC0-301F-11D3-BF4B-00C04F79EFBC}") = "SP 06. Task Result", "SP 06. Task Result\SP 06. Task Result.csproj", "{1F537B5B-55F0-483B-B204-9D2AECE7FB8E}"
EndProject
Project("{FAE04EC0-301F-11D3-BF4B-00C04F79EFBC}") = "SP 06. Continuations", "SP 06. Continuations\SP 06. Continuations.csproj", "{9ABCE436-B556-4F35-9536-5EC2FFE3CBC1}"
EndProject
Global
	GlobalSection(SolutionConfigurationPlatforms) = preSolution
		Debug|Any CPU = Debug|Any CPU
		Release|Any CPU = Release|Any CPU
	EndGlobalSection
	GlobalSection(ProjectConfigurationPlatforms) = postSolution
		{67268FD9-8E90-40C5-8CA2-21F4D72B0758}.Debug|Any CPU.ActiveCfg = Debug|Any CPU
		{67268FD9-8E90-40C5-8CA2-21F4D72B0758}.Debug|Any CPU.Build.0 = Debug|Any CPU
		{67268FD9-8E90-40C5-8CA2-21F4D72B0758}.Release|Any CPU.ActiveCfg = Release|Any CPU
		{67268FD9-8E90-40C5-8CA2-21F4D72B0758}.Release|Any CPU.Build.0 = Release|Any CPU
		{8D7D88B4-6F55-48C8-9C3F-359D6D81806B}.Debug|Any CPU.ActiveCfg = Debug|Any CPU
		{8D7D88B4-6F55-48C8-9C3F-359D6D81806B}.Debug|Any CPU.Build.0 = Debug|Any CPU
		{8D7D88B4-6F55-48C8-9C3F-359D6D81806B}.Release|Any CPU.ActiveCfg = Release|Any CPU
		{8D7D88B4-6F55-48C8-9C3F-359D6D81806B}.Release|Any CPU.Build.0 = Release|Any CPU
		{25E00B72-27C9-4B67-B7B5-2F06751C685D}.Debug|Any CPU.ActiveCfg = Debug|Any CPU
		{25E00B72-27C9-4B67-B7B5-2F06751C685D}.Debug|Any CPU.Build.0 = Debug|Any CPU
		{25E00B72-27C9-4B67-B7B5-2F06751C685D}.Release|Any CPU.ActiveCfg = Release|Any CPU
		{25E00B72-27C9-4B67-B7B5-2F06751C685D}.Release|Any CPU.Build.0 = Release|Any CPU
		{947992D4-DACA-43E3-A997-DF648786B51D}.Debug|Any CPU.ActiveCfg = Debug|Any CPU
		{947992D4-DACA-43E3-A997-DF648786B51D}.Debug|Any CPU.Build.0 = Debug|Any CPU
		{947992D4-DACA-43E3-A997-DF648786B51D}.Release|Any CPU.ActiveCfg = Release|Any CPU
		{947992D4-DACA-43E3-A997-DF648786B51D}.Release|Any CPU.Build.0 = Release|Any CPU
		{9C37E2EC-D77D-4D1F-B40C-DC3811CEC0C7}.Debug|Any CPU.ActiveCfg = Debug|Any CPU
		{9C37E2EC-D77D-4D1F-B40C-DC3811CEC0C7}.Debug|Any CPU.Build.0 = Debug|Any CPU
		{9C37E2EC-D77D-4D1F-B40C-DC3811CEC0C7}.Release|Any CPU.ActiveCfg = Release|Any CPU
		{9C37E2EC-D77D-4D1F-B40C-DC3811CEC0C7}.Release|Any CPU.Build.0 = Release|Any CPU
		{E37AECD0-485D-4D72-A799-F830A40D1E26}.Debug|Any CPU.ActiveCfg = Debug|Any CPU
		{E37AECD0-485D-4D72-A799-F830A40D1E26}.Debug|Any CPU.Build.0 = Debug|Any CPU
		{E37AECD0-485D-4D72-A799-F830A40D1E26}.Release|Any CPU.ActiveCfg = Release|Any CPU
		{E37AECD0-485D-4D72-A799-F830A40D1E26}.Release|Any CPU.Build.0 = Release|Any CPU
		{79244188-AB94-4365-AFE0-57E6CD3F9197}.Debug|Any CPU.ActiveCfg = Debug|Any CPU
		{79244188-AB94-4365-AFE0-57E6CD3F9197}.Debug|Any CPU.Build.0 = Debug|Any CPU
		{79244188-AB94-4365-AFE0-57E6CD3F9197}.Release|Any CPU.ActiveCfg = Release|Any CPU
		{79244188-AB94-4365-AFE0-57E6CD3F9197}.Release|Any CPU.Build.0 = Release|Any CPU
		{1A4A8BDB-3E9C-4B97-99AD-24DDB5F4AFC7}.Debug|Any CPU.ActiveCfg = Debug|Any CPU
		{1A4A8BDB-3E9C-4B97-99AD-24DDB5F4AFC7}.Debug|Any CPU.Build.0 = Debug|Any CPU
		{1A4A8BDB-3E9C-4B97-99AD-24DDB5F4AFC7}.Release|Any CPU.ActiveCfg = Release|Any CPU
		{1A4A8BDB-3E9C-4B97-99AD-24DDB5F4AFC7}.Release|Any CPU.Build.0 = Release|Any CPU
		{96F172C4-20FA-4C87-BF60-D960DBFC6AF2}.Debug|Any CPU.ActiveCfg = Debug|Any CPU
		{96F172C4-20FA-4C87-BF60-D960DBFC6AF2}.Debug|Any CPU.Build.0 = Debug|Any CPU
		{96F172C4-20FA-4C87-BF60-D960DBFC6AF2}.Release|Any CPU.ActiveCfg = Release|Any CPU
		{96F172C4-20FA-4C87-BF60-D960DBFC6AF2}.Release|Any CPU.Build.0 = Release|Any CPU
		{4FC22467-18D2-4E14-AE00-14A7A9DE3CD3}.Debug|Any CPU.ActiveCfg = Debug|Any CPU
		{4FC22467-18D2-4E14-AE00-14A7A9DE3CD3}.Debug|Any CPU.Build.0 = Debug|Any CPU
		{4FC22467-18D2-4E14-AE00-14A7A9DE3CD3}.Release|Any CPU.ActiveCfg = Release|Any CPU
		{4FC22467-18D2-4E14-AE00-14A7A9DE3CD3}.Release|Any CPU.Build.0 = Release|Any CPU
		{F9E9090C-668F-433F-8AA7-2BE10D8602B6}.Debug|Any CPU.ActiveCfg = Debug|Any CPU
		{F9E9090C-668F-433F-8AA7-2BE10D8602B6}.Debug|Any CPU.Build.0 = Debug|Any CPU
		{F9E9090C-668F-433F-8AA7-2BE10D8602B6}.Release|Any CPU.ActiveCfg = Release|Any CPU
		{F9E9090C-668F-433F-8AA7-2BE10D8602B6}.Release|Any CPU.Build.0 = Release|Any CPU
		{B2DF7E39-DAB3-44D4-87F9-E19A5B162CD5}.Debug|Any CPU.ActiveCfg = Debug|Any CPU
		{B2DF7E39-DAB3-44D4-87F9-E19A5B162CD5}.Debug|Any CPU.Build.0 = Debug|Any CPU
		{B2DF7E39-DAB3-44D4-87F9-E19A5B162CD5}.Release|Any CPU.ActiveCfg = Release|Any CPU
		{B2DF7E39-DAB3-44D4-87F9-E19A5B162CD5}.Release|Any CPU.Build.0 = Release|Any CPU
		{1F537B5B-55F0-483B-B204-9D2AECE7FB8E}.Debug|Any CPU.ActiveCfg = Debug|Any CPU
		{1F537B5B-55F0-483B-B204-9D2AECE7FB8E}.Debug|Any CPU.Build.0 = Debug|Any CPU
		{1F537B5B-55F0-483B-B204-9D2AECE7FB8E}.Release|Any CPU.ActiveCfg = Release|Any CPU
		{1F537B5B-55F0-483B-B204-9D2AECE7FB8E}.Release|Any CPU.Build.0 = Release|Any CPU
		{9ABCE436-B556-4F35-9536-5EC2FFE3CBC1}.Debug|Any CPU.ActiveCfg = Debug|Any CPU
		{9ABCE436-B556-4F35-9536-5EC2FFE3CBC1}.Debug|Any CPU.Build.0 = Debug|Any CPU
		{9ABCE436-B556-4F35-9536-5EC2FFE3CBC1}.Release|Any CPU.ActiveCfg = Release|Any CPU
		{9ABCE436-B556-4F35-9536-5EC2FFE3CBC1}.Release|Any CPU.Build.0 = Release|Any CPU
	EndGlobalSection
	GlobalSection(SolutionProperties) = preSolution
		HideSolutionNode = FALSE
	EndGlobalSection
	GlobalSection(NestedProjects) = preSolution
		{67268FD9-8E90-40C5-8CA2-21F4D72B0758} = {02EA681E-C7D8-13C7-8484-4AC65E1B71E8}
		{8D7D88B4-6F55-48C8-9C3F-359D6D81806B} = {75D145B8-4022-43F1-B40F-837F88E0FE3C}
		{25E00B72-27C9-4B67-B7B5-2F06751C685D} = {75D145B8-4022-43F1-B40F-837F88E0FE3C}
		{947992D4-DACA-43E3-A997-DF648786B51D} = {4F3CD625-C187-49DF-82EA-191028EB0A34}
		{9C37E2EC-D77D-4D1F-B40C-DC3811CEC0C7} = {4F3CD625-C187-49DF-82EA-191028EB0A34}
		{E37AECD0-485D-4D72-A799-F830A40D1E26} = {CD357560-DE3A-4146-B6FB-BCF639F0B866}
		{79244188-AB94-4365-AFE0-57E6CD3F9197} = {3141536F-FA86-444A-8FF2-4E46BB4123F7}
		{1A4A8BDB-3E9C-4B97-99AD-24DDB5F4AFC7} = {3141536F-FA86-444A-8FF2-4E46BB4123F7}
		{96F172C4-20FA-4C87-BF60-D960DBFC6AF2} = {3141536F-FA86-444A-8FF2-4E46BB4123F7}
		{4FC22467-18D2-4E14-AE00-14A7A9DE3CD3} = {7CF065F5-0605-4E7E-9C27-DAC22A43EAF2}
		{F9E9090C-668F-433F-8AA7-2BE10D8602B6} = {7CF065F5-0605-4E7E-9C27-DAC22A43EAF2}
		{B2DF7E39-DAB3-44D4-87F9-E19A5B162CD5} = {7CF065F5-0605-4E7E-9C27-DAC22A43EAF2}
		{1F537B5B-55F0-483B-B204-9D2AECE7FB8E} = {7CF065F5-0605-4E7E-9C27-DAC22A43EAF2}
		{9ABCE436-B556-4F35-9536-5EC2FFE3CBC1} = {7CF065F5-0605-4E7E-9C27-DAC22A43EAF2}
	EndGlobalSection
	GlobalSection(ExtensibilityGlobals) = postSolution
		SolutionGuid = {C4265DCB-50A6-44CE-A8C2-9029902C5650}
	EndGlobalSection
EndGlobal
